
Microsoft Visual Studio Solution File, Format Version 12.00
# Visual Studio Version 17
VisualStudioVersion = 17.4.33213.308
MinimumVisualStudioVersion = 10.0.40219.1
Project("{FAE04EC0-301F-11D3-BF4B-00C04F79EFBC}") = "ContosoUniversity", "ContosoUniversity\ContosoUniversity.csproj", "{47880C60-A441-4FF5-BCE4-0C2B20863F4A}"
EndProject
Global
	GlobalSection(SolutionConfigurationPlatforms) = preSolution
		Debug|Any CPU = Debug|Any CPU
		Release|Any CPU = Release|Any CPU
	EndGlobalSection
	GlobalSection(ProjectConfigurationPlatforms) = postSolution
		{47880C60-A441-4FF5-BCE4-0C2B20863F4A}.Debug|Any CPU.ActiveCfg = Debug|Any CPU
		{47880C60-A441-4FF5-BCE4-0C2B20863F4A}.Debug|Any CPU.Build.0 = Debug|Any CPU
		{47880C60-A441-4FF5-BCE4-0C2B20863F4A}.Release|Any CPU.ActiveCfg = Release|Any CPU
		{47880C60-A441-4FF5-BCE4-0C2B20863F4A}.Release|Any CPU.Build.0 = Release|Any CPU
	EndGlobalSection
	GlobalSection(SolutionProperties) = preSolution
		HideSolutionNode = FALSE
	EndGlobalSection
	GlobalSection(ExtensibilityGlobals) = postSolution
		SolutionGuid = {6F99D09D-4275-4DDB-95EF-03094FA5975E}
	EndGlobalSection
EndGlobal
